
Microsoft Visual Studio Solution File, Format Version 12.00
# Visual Studio Version 17
VisualStudioVersion = 17.11.35222.181
MinimumVisualStudioVersion = 10.0.40219.1
Project("{FAE04EC0-301F-11D3-BF4B-00C04F79EFBC}") = "MIP_Calculator", "MIP_Calculator.csproj", "{57DC2655-555A-4542-B9DB-9F63B4370B17}"
EndProject
Global
	GlobalSection(SolutionConfigurationPlatforms) = preSolution
		Debug|Any CPU = Debug|Any CPU
		Release|Any CPU = Release|Any CPU
	EndGlobalSection
	GlobalSection(ProjectConfigurationPlatforms) = postSolution
		{57DC2655-555A-4542-B9DB-9F63B4370B17}.Debug|Any CPU.ActiveCfg = Debug|Any CPU
		{57DC2655-555A-4542-B9DB-9F63B4370B17}.Debug|Any CPU.Build.0 = Debug|Any CPU
		{57DC2655-555A-4542-B9DB-9F63B4370B17}.Release|Any CPU.ActiveCfg = Release|Any CPU
		{57DC2655-555A-4542-B9DB-9F63B4370B17}.Release|Any CPU.Build.0 = Release|Any CPU
	EndGlobalSection
	GlobalSection(SolutionProperties) = preSolution
		HideSolutionNode = FALSE
	EndGlobalSection
	GlobalSection(ExtensibilityGlobals) = postSolution
		SolutionGuid = {CDC80584-38B3-41B5-A814-CF52CB0B2221}
	EndGlobalSection
EndGlobal
